
Microsoft Visual Studio Solution File, Format Version 12.00
# Visual Studio Version 16
VisualStudioVersion = 16.0.30804.86
MinimumVisualStudioVersion = 10.0.40219.1
Project("{FAE04EC0-301F-11D3-BF4B-00C04F79EFBC}") = "File IO", "WindowsApp\File IO.csproj", "{99B126BB-5870-45D1-984A-6B7C12F3AF76}"
EndProject
Project("{54435603-DBB4-11D2-8724-00A0C9A8B90C}") = "Setup2", "Setup\Setup.vdproj", "{AC152C77-55BE-4F86-B021-3AABF0F4352D}"
EndProject
Global
	GlobalSection(SolutionConfigurationPlatforms) = preSolution
		All|Any CPU = All|Any CPU
		Debug|Any CPU = Debug|Any CPU
		Release|Any CPU = Release|Any CPU
	EndGlobalSection
	GlobalSection(ProjectConfigurationPlatforms) = postSolution
		{99B126BB-5870-45D1-984A-6B7C12F3AF76}.All|Any CPU.ActiveCfg = Release|Any CPU
		{99B126BB-5870-45D1-984A-6B7C12F3AF76}.All|Any CPU.Build.0 = Release|Any CPU
		{99B126BB-5870-45D1-984A-6B7C12F3AF76}.Debug|Any CPU.ActiveCfg = Debug|Any CPU
		{99B126BB-5870-45D1-984A-6B7C12F3AF76}.Debug|Any CPU.Build.0 = Debug|Any CPU
		{99B126BB-5870-45D1-984A-6B7C12F3AF76}.Release|Any CPU.ActiveCfg = Release|Any CPU
		{99B126BB-5870-45D1-984A-6B7C12F3AF76}.Release|Any CPU.Build.0 = Release|Any CPU
		{AC152C77-55BE-4F86-B021-3AABF0F4352D}.All|Any CPU.ActiveCfg = Debug
		{AC152C77-55BE-4F86-B021-3AABF0F4352D}.Debug|Any CPU.ActiveCfg = Debug
		{AC152C77-55BE-4F86-B021-3AABF0F4352D}.Release|Any CPU.ActiveCfg = Release
	EndGlobalSection
	GlobalSection(SolutionProperties) = preSolution
		HideSolutionNode = FALSE
	EndGlobalSection
	GlobalSection(ExtensibilityGlobals) = postSolution
		SolutionGuid = {456CDB08-FE52-4C53-B1AA-11E9C7B3C910}
	EndGlobalSection
EndGlobal
